// !$*UTF8*$!
{
	archiveVersion = 1;
	classes = {
	};
	objectVersion = 46;
	objects = {

/* Begin PBXBuildFile section */
		52F9EA201E88B78500D7EE30 /* FYFontFile.m in Sources */ = {isa = PBXBuildFile; fileRef = 52F9EA1F1E88B78500D7EE30 /* FYFontFile.m */; };
		6A6F37881DE3001700E0B360 /* Fonty_DemoTests.m in Sources */ = {isa = PBXBuildFile; fileRef = 6A6F37871DE3001700E0B360 /* Fonty_DemoTests.m */; };
		6A73D6B11D86BB2600D38630 /* main.m in Sources */ = {isa = PBXBuildFile; fileRef = 6A73D6B01D86BB2600D38630 /* main.m */; };
		6A73D6B41D86BB2600D38630 /* AppDelegate.m in Sources */ = {isa = PBXBuildFile; fileRef = 6A73D6B31D86BB2600D38630 /* AppDelegate.m */; };
		6A73D6B71D86BB2600D38630 /* ViewController.m in Sources */ = {isa = PBXBuildFile; fileRef = 6A73D6B61D86BB2600D38630 /* ViewController.m */; };
		6A73D6BA1D86BB2600D38630 /* Main.storyboard in Resources */ = {isa = PBXBuildFile; fileRef = 6A73D6B81D86BB2600D38630 /* Main.storyboard */; };
		6A73D6BC1D86BB2600D38630 /* Assets.xcassets in Resources */ = {isa = PBXBuildFile; fileRef = 6A73D6BB1D86BB2600D38630 /* Assets.xcassets */; };
		6A73D6BF1D86BB2600D38630 /* LaunchScreen.storyboard in Resources */ = {isa = PBXBuildFile; fileRef = 6A73D6BD1D86BB2600D38630 /* LaunchScreen.storyboard */; };
		6A73D6E81D86C05000D38630 /* FYFontCache.m in Sources */ = {isa = PBXBuildFile; fileRef = 6A73D6DC1D86C05000D38630 /* FYFontCache.m */; };
		6A73D6E91D86C05000D38630 /* FYFontDownloader.m in Sources */ = {isa = PBXBuildFile; fileRef = 6A73D6DE1D86C05000D38630 /* FYFontDownloader.m */; };
		6A73D6EA1D86C05000D38630 /* FYFontManager.m in Sources */ = {isa = PBXBuildFile; fileRef = 6A73D6E01D86C05000D38630 /* FYFontManager.m */; };
		6A73D6EB1D86C05000D38630 /* FYFontModel.m in Sources */ = {isa = PBXBuildFile; fileRef = 6A73D6E21D86C05000D38630 /* FYFontModel.m */; };
		6A73D6EC1D86C05000D38630 /* FYFontRegister.m in Sources */ = {isa = PBXBuildFile; fileRef = 6A73D6E41D86C05000D38630 /* FYFontRegister.m */; };
		6A73D6ED1D86C05000D38630 /* UIFont+FY_Fonty.m in Sources */ = {isa = PBXBuildFile; fileRef = 6A73D6E71D86C05000D38630 /* UIFont+FY_Fonty.m */; };
		6A73D6F21D86C09500D38630 /* FYSelectFontViewController.m in Sources */ = {isa = PBXBuildFile; fileRef = 6A73D6EF1D86C09500D38630 /* FYSelectFontViewController.m */; };
		6A73D6F31D86C09500D38630 /* FYSelectFontTableViewCell.m in Sources */ = {isa = PBXBuildFile; fileRef = 6A73D6F11D86C09500D38630 /* FYSelectFontTableViewCell.m */; };
		6A8DD3411D880335005C6E8E /* FYConst.m in Sources */ = {isa = PBXBuildFile; fileRef = 6A8DD3401D880335005C6E8E /* FYConst.m */; };
/* End PBXBuildFile section */

/* Begin PBXContainerItemProxy section */
		6A6F378A1DE3001700E0B360 /* PBXContainerItemProxy */ = {
			isa = PBXContainerItemProxy;
			containerPortal = 6A73D6A41D86BB2600D38630 /* Project object */;
			proxyType = 1;
			remoteGlobalIDString = 6A73D6AB1D86BB2600D38630;
			remoteInfo = "Fonty-Demo";
		};
/* End PBXContainerItemProxy section */

/* Begin PBXFileReference section */
		52028CF31E9B7B3200848B89 /* Fonty.h */ = {isa = PBXFileReference; lastKnownFileType = sourcecode.c.h; path = Fonty.h; sourceTree = "<group>"; };
		52F9EA1E1E88B78500D7EE30 /* FYFontFile.h */ = {isa = PBXFileReference; fileEncoding = 4; lastKnownFileType = sourcecode.c.h; path = FYFontFile.h; sourceTree = "<group>"; };
		52F9EA1F1E88B78500D7EE30 /* FYFontFile.m */ = {isa = PBXFileReference; fileEncoding = 4; lastKnownFileType = sourcecode.c.objc; path = FYFontFile.m; sourceTree = "<group>"; };
		6A6F37851DE3001700E0B360 /* Fonty-DemoTests.xctest */ = {isa = PBXFileReference; explicitFileType = wrapper.cfbundle; includeInIndex = 0; path = "Fonty-DemoTests.xctest"; sourceTree = BUILT_PRODUCTS_DIR; };
		6A6F37871DE3001700E0B360 /* Fonty_DemoTests.m */ = {isa = PBXFileReference; lastKnownFileType = sourcecode.c.objc; path = Fonty_DemoTests.m; sourceTree = "<group>"; };
		6A6F37891DE3001700E0B360 /* Info.plist */ = {isa = PBXFileReference; lastKnownFileType = text.plist.xml; path = Info.plist; sourceTree = "<group>"; };
		6A73D6AC1D86BB2600D38630 /* Fonty-Demo.app */ = {isa = PBXFileReference; explicitFileType = wrapper.application; includeInIndex = 0; path = "Fonty-Demo.app"; sourceTree = BUILT_PRODUCTS_DIR; };
		6A73D6B01D86BB2600D38630 /* main.m */ = {isa = PBXFileReference; lastKnownFileType = sourcecode.c.objc; path = main.m; sourceTree = "<group>"; };
		6A73D6B21D86BB2600D38630 /* AppDelegate.h */ = {isa = PBXFileReference; lastKnownFileType = sourcecode.c.h; path = AppDelegate.h; sourceTree = "<group>"; };
		6A73D6B31D86BB2600D38630 /* AppDelegate.m */ = {isa = PBXFileReference; lastKnownFileType = sourcecode.c.objc; path = AppDelegate.m; sourceTree = "<group>"; };
		6A73D6B51D86BB2600D38630 /* ViewController.h */ = {isa = PBXFileReference; lastKnownFileType = sourcecode.c.h; path = ViewController.h; sourceTree = "<group>"; };
		6A73D6B61D86BB2600D38630 /* ViewController.m */ = {isa = PBXFileReference; lastKnownFileType = sourcecode.c.objc; path = ViewController.m; sourceTree = "<group>"; };
		6A73D6B91D86BB2600D38630 /* Base */ = {isa = PBXFileReference; lastKnownFileType = file.storyboard; name = Base; path = Base.lproj/Main.storyboard; sourceTree = "<group>"; };
		6A73D6BB1D86BB2600D38630 /* Assets.xcassets */ = {isa = PBXFileReference; lastKnownFileType = folder.assetcatalog; path = Assets.xcassets; sourceTree = "<group>"; };
		6A73D6BE1D86BB2600D38630 /* Base */ = {isa = PBXFileReference; lastKnownFileType = file.storyboard; name = Base; path = Base.lproj/LaunchScreen.storyboard; sourceTree = "<group>"; };
		6A73D6C01D86BB2600D38630 /* Info.plist */ = {isa = PBXFileReference; lastKnownFileType = text.plist.xml; path = Info.plist; sourceTree = "<group>"; };
		6A73D6DB1D86C05000D38630 /* FYFontCache.h */ = {isa = PBXFileReference; fileEncoding = 4; lastKnownFileType = sourcecode.c.h; path = FYFontCache.h; sourceTree = "<group>"; };
		6A73D6DC1D86C05000D38630 /* FYFontCache.m */ = {isa = PBXFileReference; fileEncoding = 4; lastKnownFileType = sourcecode.c.objc; path = FYFontCache.m; sourceTree = "<group>"; };
		6A73D6DD1D86C05000D38630 /* FYFontDownloader.h */ = {isa = PBXFileReference; fileEncoding = 4; lastKnownFileType = sourcecode.c.h; path = FYFontDownloader.h; sourceTree = "<group>"; };
		6A73D6DE1D86C05000D38630 /* FYFontDownloader.m */ = {isa = PBXFileReference; fileEncoding = 4; lastKnownFileType = sourcecode.c.objc; path = FYFontDownloader.m; sourceTree = "<group>"; };
		6A73D6DF1D86C05000D38630 /* FYFontManager.h */ = {isa = PBXFileReference; fileEncoding = 4; lastKnownFileType = sourcecode.c.h; path = FYFontManager.h; sourceTree = "<group>"; };
		6A73D6E01D86C05000D38630 /* FYFontManager.m */ = {isa = PBXFileReference; fileEncoding = 4; lastKnownFileType = sourcecode.c.objc; path = FYFontManager.m; sourceTree = "<group>"; };
		6A73D6E11D86C05000D38630 /* FYFontModel.h */ = {isa = PBXFileReference; fileEncoding = 4; lastKnownFileType = sourcecode.c.h; path = FYFontModel.h; sourceTree = "<group>"; };
		6A73D6E21D86C05000D38630 /* FYFontModel.m */ = {isa = PBXFileReference; fileEncoding = 4; lastKnownFileType = sourcecode.c.objc; path = FYFontModel.m; sourceTree = "<group>"; };
		6A73D6E31D86C05000D38630 /* FYFontRegister.h */ = {isa = PBXFileReference; fileEncoding = 4; lastKnownFileType = sourcecode.c.h; path = FYFontRegister.h; sourceTree = "<group>"; };
		6A73D6E41D86C05000D38630 /* FYFontRegister.m */ = {isa = PBXFileReference; fileEncoding = 4; lastKnownFileType = sourcecode.c.objc; path = FYFontRegister.m; sourceTree = "<group>"; };
		6A73D6E61D86C05000D38630 /* UIFont+FY_Fonty.h */ = {isa = PBXFileReference; fileEncoding = 4; lastKnownFileType = sourcecode.c.h; path = "UIFont+FY_Fonty.h"; sourceTree = "<group>"; };
		6A73D6E71D86C05000D38630 /* UIFont+FY_Fonty.m */ = {isa = PBXFileReference; fileEncoding = 4; lastKnownFileType = sourcecode.c.objc; path = "UIFont+FY_Fonty.m"; sourceTree = "<group>"; };
		6A73D6EE1D86C09500D38630 /* FYSelectFontViewController.h */ = {isa = PBXFileReference; fileEncoding = 4; lastKnownFileType = sourcecode.c.h; path = FYSelectFontViewController.h; sourceTree = "<group>"; };
		6A73D6EF1D86C09500D38630 /* FYSelectFontViewController.m */ = {isa = PBXFileReference; fileEncoding = 4; lastKnownFileType = sourcecode.c.objc; path = FYSelectFontViewController.m; sourceTree = "<group>"; };
		6A73D6F01D86C09500D38630 /* FYSelectFontTableViewCell.h */ = {isa = PBXFileReference; fileEncoding = 4; lastKnownFileType = sourcecode.c.h; path = FYSelectFontTableViewCell.h; sourceTree = "<group>"; };
		6A73D6F11D86C09500D38630 /* FYSelectFontTableViewCell.m */ = {isa = PBXFileReference; fileEncoding = 4; lastKnownFileType = sourcecode.c.objc; path = FYSelectFontTableViewCell.m; sourceTree = "<group>"; };
		6A8DD33F1D880322005C6E8E /* FYConst.h */ = {isa = PBXFileReference; lastKnownFileType = sourcecode.c.h; path = FYConst.h; sourceTree = "<group>"; };
		6A8DD3401D880335005C6E8E /* FYConst.m */ = {isa = PBXFileReference; fileEncoding = 4; lastKnownFileType = sourcecode.c.objc; path = FYConst.m; sourceTree = "<group>"; };
/* End PBXFileReference section */

/* Begin PBXFrameworksBuildPhase section */
		6A6F37821DE3001700E0B360 /* Frameworks */ = {
			isa = PBXFrameworksBuildPhase;
			buildActionMask = 2147483647;
			files = (
			);
			runOnlyForDeploymentPostprocessing = 0;
		};
		6A73D6A91D86BB2600D38630 /* Frameworks */ = {
			isa = PBXFrameworksBuildPhase;
			buildActionMask = 2147483647;
			files = (
			);
			runOnlyForDeploymentPostprocessing = 0;
		};
/* End PBXFrameworksBuildPhase section */

/* Begin PBXGroup section */
		6A6F37861DE3001700E0B360 /* Fonty-DemoTests */ = {
			isa = PBXGroup;
			children = (
				6A6F37871DE3001700E0B360 /* Fonty_DemoTests.m */,
				6A6F37891DE3001700E0B360 /* Info.plist */,
			);
			path = "Fonty-DemoTests";
			sourceTree = "<group>";
		};
		6A73D6A31D86BB2600D38630 = {
			isa = PBXGroup;
			children = (
				6A73D6AE1D86BB2600D38630 /* Fonty-Demo */,
				6A73D6DA1D86C05000D38630 /* Fonty */,
				6A6F37861DE3001700E0B360 /* Fonty-DemoTests */,
				6A73D6AD1D86BB2600D38630 /* Products */,
			);
			sourceTree = "<group>";
		};
		6A73D6AD1D86BB2600D38630 /* Products */ = {
			isa = PBXGroup;
			children = (
				6A73D6AC1D86BB2600D38630 /* Fonty-Demo.app */,
				6A6F37851DE3001700E0B360 /* Fonty-DemoTests.xctest */,
			);
			name = Products;
			sourceTree = "<group>";
		};
		6A73D6AE1D86BB2600D38630 /* Fonty-Demo */ = {
			isa = PBXGroup;
			children = (
				6A73D6B21D86BB2600D38630 /* AppDelegate.h */,
				6A73D6B31D86BB2600D38630 /* AppDelegate.m */,
				6A73D6B51D86BB2600D38630 /* ViewController.h */,
				6A73D6B61D86BB2600D38630 /* ViewController.m */,
				6A73D6EE1D86C09500D38630 /* FYSelectFontViewController.h */,
				6A73D6EF1D86C09500D38630 /* FYSelectFontViewController.m */,
				6A73D6F01D86C09500D38630 /* FYSelectFontTableViewCell.h */,
				6A73D6F11D86C09500D38630 /* FYSelectFontTableViewCell.m */,
				6A73D6B81D86BB2600D38630 /* Main.storyboard */,
				6A73D6BB1D86BB2600D38630 /* Assets.xcassets */,
				6A73D6BD1D86BB2600D38630 /* LaunchScreen.storyboard */,
				6A73D6C01D86BB2600D38630 /* Info.plist */,
				6A73D6AF1D86BB2600D38630 /* Supporting Files */,
			);
			path = "Fonty-Demo";
			sourceTree = "<group>";
		};
		6A73D6AF1D86BB2600D38630 /* Supporting Files */ = {
			isa = PBXGroup;
			children = (
				6A73D6B01D86BB2600D38630 /* main.m */,
			);
			name = "Supporting Files";
			sourceTree = "<group>";
		};
		6A73D6DA1D86C05000D38630 /* Fonty */ = {
			isa = PBXGroup;
			children = (
				52028CF31E9B7B3200848B89 /* Fonty.h */,
				6A8DD33F1D880322005C6E8E /* FYConst.h */,
				6A8DD3401D880335005C6E8E /* FYConst.m */,
				6A73D6DF1D86C05000D38630 /* FYFontManager.h */,
				6A73D6E01D86C05000D38630 /* FYFontManager.m */,
				6A73D6DD1D86C05000D38630 /* FYFontDownloader.h */,
				6A73D6DE1D86C05000D38630 /* FYFontDownloader.m */,
				6A73D6DB1D86C05000D38630 /* FYFontCache.h */,
				6A73D6DC1D86C05000D38630 /* FYFontCache.m */,
				6A73D6E31D86C05000D38630 /* FYFontRegister.h */,
				6A73D6E41D86C05000D38630 /* FYFontRegister.m */,
				6A73D6E11D86C05000D38630 /* FYFontModel.h */,
				6A73D6E21D86C05000D38630 /* FYFontModel.m */,
				6A73D6E61D86C05000D38630 /* UIFont+FY_Fonty.h */,
				6A73D6E71D86C05000D38630 /* UIFont+FY_Fonty.m */,
				52F9EA1E1E88B78500D7EE30 /* FYFontFile.h */,
				52F9EA1F1E88B78500D7EE30 /* FYFontFile.m */,
			);
			path = Fonty;
			sourceTree = "<group>";
		};
/* End PBXGroup section */

/* Begin PBXNativeTarget section */
		6A6F37841DE3001700E0B360 /* Fonty-DemoTests */ = {
			isa = PBXNativeTarget;
			buildConfigurationList = 6A6F378E1DE3001700E0B360 /* Build configuration list for PBXNativeTarget "Fonty-DemoTests" */;
			buildPhases = (
				6A6F37811DE3001700E0B360 /* Sources */,
				6A6F37821DE3001700E0B360 /* Frameworks */,
				6A6F37831DE3001700E0B360 /* Resources */,
			);
			buildRules = (
			);
			dependencies = (
				6A6F378B1DE3001700E0B360 /* PBXTargetDependency */,
			);
			name = "Fonty-DemoTests";
			productName = "Fonty-DemoTests";
			productReference = 6A6F37851DE3001700E0B360 /* Fonty-DemoTests.xctest */;
			productType = "com.apple.product-type.bundle.unit-test";
		};
		6A73D6AB1D86BB2600D38630 /* Fonty-Demo */ = {
			isa = PBXNativeTarget;
			buildConfigurationList = 6A73D6C31D86BB2600D38630 /* Build configuration list for PBXNativeTarget "Fonty-Demo" */;
			buildPhases = (
				6A73D6A81D86BB2600D38630 /* Sources */,
				6A73D6A91D86BB2600D38630 /* Frameworks */,
				6A73D6AA1D86BB2600D38630 /* Resources */,
			);
			buildRules = (
			);
			dependencies = (
			);
			name = "Fonty-Demo";
			productName = "Fonty-Demo";
			productReference = 6A73D6AC1D86BB2600D38630 /* Fonty-Demo.app */;
			productType = "com.apple.product-type.application";
		};
/* End PBXNativeTarget section */

/* Begin PBXProject section */
		6A73D6A41D86BB2600D38630 /* Project object */ = {
			isa = PBXProject;
			attributes = {
				LastUpgradeCheck = 0810;
				ORGANIZATIONNAME = s2mh;
				TargetAttributes = {
					6A6F37841DE3001700E0B360 = {
						CreatedOnToolsVersion = 8.1;
						DevelopmentTeam = RR6E6G8SN5;
						ProvisioningStyle = Automatic;
						TestTargetID = 6A73D6AB1D86BB2600D38630;
					};
					6A73D6AB1D86BB2600D38630 = {
						CreatedOnToolsVersion = 7.3.1;
						DevelopmentTeam = V742AHG549;
						ProvisioningStyle = Automatic;
					};
				};
			};
			buildConfigurationList = 6A73D6A71D86BB2600D38630 /* Build configuration list for PBXProject "Fonty-Demo" */;
			compatibilityVersion = "Xcode 3.2";
			developmentRegion = English;
			hasScannedForEncodings = 0;
			knownRegions = (
				en,
				Base,
			);
			mainGroup = 6A73D6A31D86BB2600D38630;
			productRefGroup = 6A73D6AD1D86BB2600D38630 /* Products */;
			projectDirPath = "";
			projectRoot = "";
			targets = (
				6A73D6AB1D86BB2600D38630 /* Fonty-Demo */,
				6A6F37841DE3001700E0B360 /* Fonty-DemoTests */,
			);
		};
/* End PBXProject section */

/* Begin PBXResourcesBuildPhase section */
		6A6F37831DE3001700E0B360 /* Resources */ = {
			isa = PBXResourcesBuildPhase;
			buildActionMask = 2147483647;
			files = (
			);
			runOnlyForDeploymentPostprocessing = 0;
		};
		6A73D6AA1D86BB2600D38630 /* Resources */ = {
			isa = PBXResourcesBuildPhase;
			buildActionMask = 2147483647;
			files = (
				6A73D6BF1D86BB2600D38630 /* LaunchScreen.storyboard in Resources */,
				6A73D6BC1D86BB2600D38630 /* Assets.xcassets in Resources */,
				6A73D6BA1D86BB2600D38630 /* Main.storyboard in Resources */,
			);
			runOnlyForDeploymentPostprocessing = 0;
		};
/* End PBXResourcesBuildPhase section */

/* Begin PBXSourcesBuildPhase section */
		6A6F37811DE3001700E0B360 /* Sources */ = {
			isa = PBXSourcesBuildPhase;
			buildActionMask = 2147483647;
			files = (
				6A6F37881DE3001700E0B360 /* Fonty_DemoTests.m in Sources */,
			);
			runOnlyForDeploymentPostprocessing = 0;
		};
		6A73D6A81D86BB2600D38630 /* Sources */ = {
			isa = PBXSourcesBuildPhase;
			buildActionMask = 2147483647;
			files = (
				6A73D6F21D86C09500D38630 /* FYSelectFontViewController.m in Sources */,
				6A73D6B71D86BB2600D38630 /* ViewController.m in Sources */,
				6A73D6B41D86BB2600D38630 /* AppDelegate.m in Sources */,
				6A73D6E81D86C05000D38630 /* FYFontCache.m in Sources */,
				6A73D6EA1D86C05000D38630 /* FYFontManager.m in Sources */,
				6A73D6F31D86C09500D38630 /* FYSelectFontTableViewCell.m in Sources */,
				52F9EA201E88B78500D7EE30 /* FYFontFile.m in Sources */,
				6A73D6E91D86C05000D38630 /* FYFontDownloader.m in Sources */,
				6A73D6B11D86BB2600D38630 /* main.m in Sources */,
				6A73D6EC1D86C05000D38630 /* FYFontRegister.m in Sources */,
				6A73D6ED1D86C05000D38630 /* UIFont+FY_Fonty.m in Sources */,
				6A8DD3411D880335005C6E8E /* FYConst.m in Sources */,
				6A73D6EB1D86C05000D38630 /* FYFontModel.m in Sources */,
			);
			runOnlyForDeploymentPostprocessing = 0;
		};
/* End PBXSourcesBuildPhase section */

/* Begin PBXTargetDependency section */
		6A6F378B1DE3001700E0B360 /* PBXTargetDependency */ = {
			isa = PBXTargetDependency;
			target = 6A73D6AB1D86BB2600D38630 /* Fonty-Demo */;
			targetProxy = 6A6F378A1DE3001700E0B360 /* PBXContainerItemProxy */;
		};
/* End PBXTargetDependency section */

/* Begin PBXVariantGroup section */
		6A73D6B81D86BB2600D38630 /* Main.storyboard */ = {
			isa = PBXVariantGroup;
			children = (
				6A73D6B91D86BB2600D38630 /* Base */,
			);
			name = Main.storyboard;
			sourceTree = "<group>";
		};
		6A73D6BD1D86BB2600D38630 /* LaunchScreen.storyboard */ = {
			isa = PBXVariantGroup;
			children = (
				6A73D6BE1D86BB2600D38630 /* Base */,
			);
			name = LaunchScreen.storyboard;
			sourceTree = "<group>";
		};
/* End PBXVariantGroup section */

/* Begin XCBuildConfiguration section */
		6A6F378C1DE3001700E0B360 /* Debug */ = {
			isa = XCBuildConfiguration;
			buildSettings = {
				BUNDLE_LOADER = "$(TEST_HOST)";
				CLANG_WARN_DOCUMENTATION_COMMENTS = YES;
				CLANG_WARN_SUSPICIOUS_MOVES = YES;
				DEVELOPMENT_TEAM = RR6E6G8SN5;
				INFOPLIST_FILE = "Fonty-DemoTests/Info.plist";
				IPHONEOS_DEPLOYMENT_TARGET = 10.1;
				LD_RUNPATH_SEARCH_PATHS = "$(inherited) @executable_path/Frameworks @loader_path/Frameworks";
				PRODUCT_BUNDLE_IDENTIFIER = "s2mh.Fonty-DemoTests";
				PRODUCT_NAME = "$(TARGET_NAME)";
				TEST_HOST = "$(BUILT_PRODUCTS_DIR)/Fonty-Demo.app/Fonty-Demo";
			};
			name = Debug;
		};
		6A6F378D1DE3001700E0B360 /* Release */ = {
			isa = XCBuildConfiguration;
			buildSettings = {
				BUNDLE_LOADER = "$(TEST_HOST)";
				CLANG_WARN_DOCUMENTATION_COMMENTS = YES;
				CLANG_WARN_SUSPICIOUS_MOVES = YES;
				DEVELOPMENT_TEAM = RR6E6G8SN5;
				INFOPLIST_FILE = "Fonty-DemoTests/Info.plist";
				IPHONEOS_DEPLOYMENT_TARGET = 10.1;
				LD_RUNPATH_SEARCH_PATHS = "$(inherited) @executable_path/Frameworks @loader_path/Frameworks";
				PRODUCT_BUNDLE_IDENTIFIER = "s2mh.Fonty-DemoTests";
				PRODUCT_NAME = "$(TARGET_NAME)";
				TEST_HOST = "$(BUILT_PRODUCTS_DIR)/Fonty-Demo.app/Fonty-Demo";
			};
			name = Release;
		};
		6A73D6C11D86BB2600D38630 /* Debug */ = {
			isa = XCBuildConfiguration;
			buildSettings = {
				ALWAYS_SEARCH_USER_PATHS = NO;
				CLANG_ANALYZER_NONNULL = YES;
				CLANG_CXX_LANGUAGE_STANDARD = "gnu++0x";
				CLANG_CXX_LIBRARY = "libc++";
				CLANG_ENABLE_MODULES = YES;
				CLANG_ENABLE_OBJC_ARC = YES;
				CLANG_WARN_BOOL_CONVERSION = YES;
				CLANG_WARN_CONSTANT_CONVERSION = YES;
				CLANG_WARN_DIRECT_OBJC_ISA_USAGE = YES_ERROR;
				CLANG_WARN_EMPTY_BODY = YES;
				CLANG_WARN_ENUM_CONVERSION = YES;
				CLANG_WARN_INFINITE_RECURSION = YES;
				CLANG_WARN_INT_CONVERSION = YES;
				CLANG_WARN_OBJC_ROOT_CLASS = YES_ERROR;
				CLANG_WARN_SUSPICIOUS_MOVE = YES;
				CLANG_WARN_UNREACHABLE_CODE = YES;
				CLANG_WARN__DUPLICATE_METHOD_MATCH = YES;
				"CODE_SIGN_IDENTITY[sdk=iphoneos*]" = "iPhone Developer";
				COPY_PHASE_STRIP = NO;
				DEBUG_INFORMATION_FORMAT = dwarf;
				ENABLE_STRICT_OBJC_MSGSEND = YES;
				ENABLE_TESTABILITY = YES;
				GCC_C_LANGUAGE_STANDARD = gnu99;
				GCC_DYNAMIC_NO_PIC = NO;
				GCC_NO_COMMON_BLOCKS = YES;
				GCC_OPTIMIZATION_LEVEL = 0;
				GCC_PREPROCESSOR_DEFINITIONS = (
					"DEBUG=1",
					"$(inherited)",
				);
				GCC_WARN_64_TO_32_BIT_CONVERSION = YES;
				GCC_WARN_ABOUT_RETURN_TYPE = YES_ERROR;
				GCC_WARN_UNDECLARED_SELECTOR = YES;
				GCC_WARN_UNINITIALIZED_AUTOS = YES_AGGRESSIVE;
				GCC_WARN_UNUSED_FUNCTION = YES;
				GCC_WARN_UNUSED_VARIABLE = YES;
				IPHONEOS_DEPLOYMENT_TARGET = 9.3;
				MTL_ENABLE_DEBUG_INFO = YES;
				ONLY_ACTIVE_ARCH = YES;
				SDKROOT = iphoneos;
				TARGETED_DEVICE_FAMILY = "1,2";
			};
			name = Debug;
		};
		6A73D6C21D86BB2600D38630 /* Release */ = {
			isa = XCBuildConfiguration;
			buildSettings = {
				ALWAYS_SEARCH_USER_PATHS = NO;
				CLANG_ANALYZER_NONNULL = YES;
				CLANG_CXX_LANGUAGE_STANDARD = "gnu++0x";
				CLANG_CXX_LIBRARY = "libc++";
				CLANG_ENABLE_MODULES = YES;
				CLANG_ENABLE_OBJC_ARC = YES;
				CLANG_WARN_BOOL_CONVERSION = YES;
				CLANG_WARN_CONSTANT_CONVERSION = YES;
				CLANG_WARN_DIRECT_OBJC_ISA_USAGE = YES_ERROR;
				CLANG_WARN_EMPTY_BODY = YES;
				CLANG_WARN_ENUM_CONVERSION = YES;
				CLANG_WARN_INFINITE_RECURSION = YES;
				CLANG_WARN_INT_CONVERSION = YES;
				CLANG_WARN_OBJC_ROOT_CLASS = YES_ERROR;
				CLANG_WARN_SUSPICIOUS_MOVE = YES;
				CLANG_WARN_UNREACHABLE_CODE = YES;
				CLANG_WARN__DUPLICATE_METHOD_MATCH = YES;
				"CODE_SIGN_IDENTITY[sdk=iphoneos*]" = "iPhone Developer";
				COPY_PHASE_STRIP = NO;
				DEBUG_INFORMATION_FORMAT = "dwarf-with-dsym";
				ENABLE_NS_ASSERTIONS = NO;
				ENABLE_STRICT_OBJC_MSGSEND = YES;
				GCC_C_LANGUAGE_STANDARD = gnu99;
				GCC_NO_COMMON_BLOCKS = YES;
				GCC_WARN_64_TO_32_BIT_CONVERSION = YES;
				GCC_WARN_ABOUT_RETURN_TYPE = YES_ERROR;
				GCC_WARN_UNDECLARED_SELECTOR = YES;
				GCC_WARN_UNINITIALIZED_AUTOS = YES_AGGRESSIVE;
				GCC_WARN_UNUSED_FUNCTION = YES;
				GCC_WARN_UNUSED_VARIABLE = YES;
				IPHONEOS_DEPLOYMENT_TARGET = 9.3;
				MTL_ENABLE_DEBUG_INFO = NO;
				SDKROOT = iphoneos;
				TARGETED_DEVICE_FAMILY = "1,2";
				VALIDATE_PRODUCT = YES;
			};
			name = Release;
		};
		6A73D6C41D86BB2600D38630 /* Debug */ = {
			isa = XCBuildConfiguration;
			buildSettings = {
				ASSETCATALOG_COMPILER_APPICON_NAME = AppIcon;
				"CODE_SIGN_IDENTITY[sdk=iphoneos*]" = "iPhone Developer";
				DEVELOPMENT_TEAM = V742AHG549;
				INFOPLIST_FILE = "Fonty-Demo/Info.plist";
				IPHONEOS_DEPLOYMENT_TARGET = 8.0;
				LD_RUNPATH_SEARCH_PATHS = "$(inherited) @executable_path/Frameworks";
				PRODUCT_BUNDLE_IDENTIFIER = "s2mh.Fonty-Demo1";
				PRODUCT_NAME = "$(TARGET_NAME)";
				TARGETED_DEVICE_FAMILY = 1;
			};
			name = Debug;
		};
		6A73D6C51D86BB2600D38630 /* Release */ = {
			isa = XCBuildConfiguration;
			buildSettings = {
				ASSETCATALOG_COMPILER_APPICON_NAME = AppIcon;
				"CODE_SIGN_IDENTITY[sdk=iphoneos*]" = "iPhone Developer";
				DEVELOPMENT_TEAM = V742AHG549;
				INFOPLIST_FILE = "Fonty-Demo/Info.plist";
				IPHONEOS_DEPLOYMENT_TARGET = 8.0;
				LD_RUNPATH_SEARCH_PATHS = "$(inherited) @executable_path/Frameworks";
				PRODUCT_BUNDLE_IDENTIFIER = "s2mh.Fonty-Demo1";
				PRODUCT_NAME = "$(TARGET_NAME)";
				TARGETED_DEVICE_FAMILY = 1;
			};
			name = Release;
		};
/* End XCBuildConfiguration section */

/* Begin XCConfigurationList section */
		6A6F378E1DE3001700E0B360 /* Build configuration list for PBXNativeTarget "Fonty-DemoTests" */ = {
			isa = XCConfigurationList;
			buildConfigurations = (
				6A6F378C1DE3001700E0B360 /* Debug */,
				6A6F378D1DE3001700E0B360 /* Release */,
			);
			defaultConfigurationIsVisible = 0;
			defaultConfigurationName = Release;
		};
		6A73D6A71D86BB2600D38630 /* Build configuration list for PBXProject "Fonty-Demo" */ = {
			isa = XCConfigurationList;
			buildConfigurations = (
				6A73D6C11D86BB2600D38630 /* Debug */,
				6A73D6C21D86BB2600D38630 /* Release */,
			);
			defaultConfigurationIsVisible = 0;
			defaultConfigurationName = Release;
		};
		6A73D6C31D86BB2600D38630 /* Build configuration list for PBXNativeTarget "Fonty-Demo" */ = {
			isa = XCConfigurationList;
			buildConfigurations = (
				6A73D6C41D86BB2600D38630 /* Debug */,
				6A73D6C51D86BB2600D38630 /* Release */,
			);
			defaultConfigurationIsVisible = 0;
			defaultConfigurationName = Release;
		};
/* End XCConfigurationList section */
	};
	rootObject = 6A73D6A41D86BB2600D38630 /* Project object */;
}
